// !$*UTF8*$!
{
	archiveVersion = 1;
	classes = {
	};
	objectVersion = 46;
	objects = {

/* Begin PBXBuildFile section */
		F15D7505197ABFF70026B5BF /* Foundation.framework in Frameworks */ = {isa = PBXBuildFile; fileRef = F15D7504197ABFF70026B5BF /* Foundation.framework */; };
		F15D7507197ABFF70026B5BF /* CoreGraphics.framework in Frameworks */ = {isa = PBXBuildFile; fileRef = F15D7506197ABFF70026B5BF /* CoreGraphics.framework */; };
		F15D7509197ABFF70026B5BF /* UIKit.framework in Frameworks */ = {isa = PBXBuildFile; fileRef = F15D7508197ABFF70026B5BF /* UIKit.framework */; };
		F15D750F197ABFF70026B5BF /* InfoPlist.strings in Resources */ = {isa = PBXBuildFile; fileRef = F15D750D197ABFF70026B5BF /* InfoPlist.strings */; };
		F15D7511197ABFF70026B5BF /* main.m in Sources */ = {isa = PBXBuildFile; fileRef = F15D7510197ABFF70026B5BF /* main.m */; };
		F15D7515197ABFF70026B5BF /* AppDelegate.m in Sources */ = {isa = PBXBuildFile; fileRef = F15D7514197ABFF70026B5BF /* AppDelegate.m */; };
		F15D7518197ABFF70026B5BF /* Main.storyboard in Resources */ = {isa = PBXBuildFile; fileRef = F15D7516197ABFF70026B5BF /* Main.storyboard */; };
		F15D751B197ABFF70026B5BF /* ViewController.m in Sources */ = {isa = PBXBuildFile; fileRef = F15D751A197ABFF70026B5BF /* ViewController.m */; };
		F15D751D197ABFF70026B5BF /* Images.xcassets in Resources */ = {isa = PBXBuildFile; fileRef = F15D751C197ABFF70026B5BF /* Images.xcassets */; };
		F15D7524197ABFF70026B5BF /* XCTest.framework in Frameworks */ = {isa = PBXBuildFile; fileRef = F15D7523197ABFF70026B5BF /* XCTest.framework */; };
		F15D7525197ABFF70026B5BF /* Foundation.framework in Frameworks */ = {isa = PBXBuildFile; fileRef = F15D7504197ABFF70026B5BF /* Foundation.framework */; };
		F15D7526197ABFF70026B5BF /* UIKit.framework in Frameworks */ = {isa = PBXBuildFile; fileRef = F15D7508197ABFF70026B5BF /* UIKit.framework */; };
		F15D752E197ABFF70026B5BF /* InfoPlist.strings in Resources */ = {isa = PBXBuildFile; fileRef = F15D752C197ABFF70026B5BF /* InfoPlist.strings */; };
		F15D7530197ABFF70026B5BF /* CropperViewDemoTests.m in Sources */ = {isa = PBXBuildFile; fileRef = F15D752F197ABFF70026B5BF /* CropperViewDemoTests.m */; };
		F15D7541197AC0220026B5BF /* CropperCornerManager.m in Sources */ = {isa = PBXBuildFile; fileRef = F15D753B197AC0220026B5BF /* CropperCornerManager.m */; };
		F15D7542197AC0220026B5BF /* CropperCornerView.m in Sources */ = {isa = PBXBuildFile; fileRef = F15D753D197AC0220026B5BF /* CropperCornerView.m */; };
		F15D7543197AC0220026B5BF /* CropperCornerView.png in Resources */ = {isa = PBXBuildFile; fileRef = F15D753E197AC0220026B5BF /* CropperCornerView.png */; };
		F15D7544197AC0220026B5BF /* CropperView.m in Sources */ = {isa = PBXBuildFile; fileRef = F15D7540197AC0220026B5BF /* CropperView.m */; };
		F15D7546197AC2170026B5BF /* background@2x.png in Resources */ = {isa = PBXBuildFile; fileRef = F15D7545197AC2170026B5BF /* background@2x.png */; };
		F15D7547197AC2170026B5BF /* background@2x.png in Resources */ = {isa = PBXBuildFile; fileRef = F15D7545197AC2170026B5BF /* background@2x.png */; };
/* End PBXBuildFile section */

/* Begin PBXContainerItemProxy section */
		F15D7527197ABFF70026B5BF /* PBXContainerItemProxy */ = {
			isa = PBXContainerItemProxy;
			containerPortal = F15D74F9197ABFF70026B5BF /* Project object */;
			proxyType = 1;
			remoteGlobalIDString = F15D7500197ABFF70026B5BF;
			remoteInfo = CropperViewDemo;
		};
/* End PBXContainerItemProxy section */

/* Begin PBXFileReference section */
		F15D7501197ABFF70026B5BF /* CropperViewDemo.app */ = {isa = PBXFileReference; explicitFileType = wrapper.application; includeInIndex = 0; path = CropperViewDemo.app; sourceTree = BUILT_PRODUCTS_DIR; };
		F15D7504197ABFF70026B5BF /* Foundation.framework */ = {isa = PBXFileReference; lastKnownFileType = wrapper.framework; name = Foundation.framework; path = System/Library/Frameworks/Foundation.framework; sourceTree = SDKROOT; };
		F15D7506197ABFF70026B5BF /* CoreGraphics.framework */ = {isa = PBXFileReference; lastKnownFileType = wrapper.framework; name = CoreGraphics.framework; path = System/Library/Frameworks/CoreGraphics.framework; sourceTree = SDKROOT; };
		F15D7508197ABFF70026B5BF /* UIKit.framework */ = {isa = PBXFileReference; lastKnownFileType = wrapper.framework; name = UIKit.framework; path = System/Library/Frameworks/UIKit.framework; sourceTree = SDKROOT; };
		F15D750C197ABFF70026B5BF /* CropperViewDemo-Info.plist */ = {isa = PBXFileReference; lastKnownFileType = text.plist.xml; path = "CropperViewDemo-Info.plist"; sourceTree = "<group>"; };
		F15D750E197ABFF70026B5BF /* en */ = {isa = PBXFileReference; lastKnownFileType = text.plist.strings; name = en; path = en.lproj/InfoPlist.strings; sourceTree = "<group>"; };
		F15D7510197ABFF70026B5BF /* main.m */ = {isa = PBXFileReference; lastKnownFileType = sourcecode.c.objc; path = main.m; sourceTree = "<group>"; };
		F15D7512197ABFF70026B5BF /* CropperViewDemo-Prefix.pch */ = {isa = PBXFileReference; lastKnownFileType = sourcecode.c.h; path = "CropperViewDemo-Prefix.pch"; sourceTree = "<group>"; };
		F15D7513197ABFF70026B5BF /* AppDelegate.h */ = {isa = PBXFileReference; lastKnownFileType = sourcecode.c.h; path = AppDelegate.h; sourceTree = "<group>"; };
		F15D7514197ABFF70026B5BF /* AppDelegate.m */ = {isa = PBXFileReference; lastKnownFileType = sourcecode.c.objc; path = AppDelegate.m; sourceTree = "<group>"; };
		F15D7517197ABFF70026B5BF /* Base */ = {isa = PBXFileReference; lastKnownFileType = file.storyboard; name = Base; path = Base.lproj/Main.storyboard; sourceTree = "<group>"; };
		F15D7519197ABFF70026B5BF /* ViewController.h */ = {isa = PBXFileReference; lastKnownFileType = sourcecode.c.h; path = ViewController.h; sourceTree = "<group>"; };
		F15D751A197ABFF70026B5BF /* ViewController.m */ = {isa = PBXFileReference; lastKnownFileType = sourcecode.c.objc; path = ViewController.m; sourceTree = "<group>"; };
		F15D751C197ABFF70026B5BF /* Images.xcassets */ = {isa = PBXFileReference; lastKnownFileType = folder.assetcatalog; path = Images.xcassets; sourceTree = "<group>"; };
		F15D7522197ABFF70026B5BF /* CropperViewDemoTests.xctest */ = {isa = PBXFileReference; explicitFileType = wrapper.cfbundle; includeInIndex = 0; path = CropperViewDemoTests.xctest; sourceTree = BUILT_PRODUCTS_DIR; };
		F15D7523197ABFF70026B5BF /* XCTest.framework */ = {isa = PBXFileReference; lastKnownFileType = wrapper.framework; name = XCTest.framework; path = Library/Frameworks/XCTest.framework; sourceTree = DEVELOPER_DIR; };
		F15D752B197ABFF70026B5BF /* CropperViewDemoTests-Info.plist */ = {isa = PBXFileReference; lastKnownFileType = text.plist.xml; path = "CropperViewDemoTests-Info.plist"; sourceTree = "<group>"; };
		F15D752D197ABFF70026B5BF /* en */ = {isa = PBXFileReference; lastKnownFileType = text.plist.strings; name = en; path = en.lproj/InfoPlist.strings; sourceTree = "<group>"; };
		F15D752F197ABFF70026B5BF /* CropperViewDemoTests.m */ = {isa = PBXFileReference; lastKnownFileType = sourcecode.c.objc; path = CropperViewDemoTests.m; sourceTree = "<group>"; };
		F15D753A197AC0220026B5BF /* CropperCornerManager.h */ = {isa = PBXFileReference; fileEncoding = 4; lastKnownFileType = sourcecode.c.h; path = CropperCornerManager.h; sourceTree = "<group>"; };
		F15D753B197AC0220026B5BF /* CropperCornerManager.m */ = {isa = PBXFileReference; fileEncoding = 4; lastKnownFileType = sourcecode.c.objc; path = CropperCornerManager.m; sourceTree = "<group>"; };
		F15D753C197AC0220026B5BF /* CropperCornerView.h */ = {isa = PBXFileReference; fileEncoding = 4; lastKnownFileType = sourcecode.c.h; path = CropperCornerView.h; sourceTree = "<group>"; };
		F15D753D197AC0220026B5BF /* CropperCornerView.m */ = {isa = PBXFileReference; fileEncoding = 4; lastKnownFileType = sourcecode.c.objc; path = CropperCornerView.m; sourceTree = "<group>"; };
		F15D753E197AC0220026B5BF /* CropperCornerView.png */ = {isa = PBXFileReference; lastKnownFileType = image.png; path = CropperCornerView.png; sourceTree = "<group>"; };
		F15D753F197AC0220026B5BF /* CropperView.h */ = {isa = PBXFileReference; fileEncoding = 4; lastKnownFileType = sourcecode.c.h; path = CropperView.h; sourceTree = "<group>"; };
		F15D7540197AC0220026B5BF /* CropperView.m */ = {isa = PBXFileReference; fileEncoding = 4; lastKnownFileType = sourcecode.c.objc; path = CropperView.m; sourceTree = "<group>"; };
		F15D7545197AC2170026B5BF /* background@2x.png */ = {isa = PBXFileReference; lastKnownFileType = image.png; path = "background@2x.png"; sourceTree = "<group>"; };
		F15D7548197AC4E60026B5BF /* ICropper.h */ = {isa = PBXFileReference; lastKnownFileType = sourcecode.c.h; path = ICropper.h; sourceTree = "<group>"; };
		F15D754A197AD4DB0026B5BF /* ICropperCorner.h */ = {isa = PBXFileReference; fileEncoding = 4; lastKnownFileType = sourcecode.c.h; path = ICropperCorner.h; sourceTree = "<group>"; };
/* End PBXFileReference section */

/* Begin PBXFrameworksBuildPhase section */
		F15D74FE197ABFF70026B5BF /* Frameworks */ = {
			isa = PBXFrameworksBuildPhase;
			buildActionMask = 2147483647;
			files = (
				F15D7507197ABFF70026B5BF /* CoreGraphics.framework in Frameworks */,
				F15D7509197ABFF70026B5BF /* UIKit.framework in Frameworks */,
				F15D7505197ABFF70026B5BF /* Foundation.framework in Frameworks */,
			);
			runOnlyForDeploymentPostprocessing = 0;
		};
		F15D751F197ABFF70026B5BF /* Frameworks */ = {
			isa = PBXFrameworksBuildPhase;
			buildActionMask = 2147483647;
			files = (
				F15D7524197ABFF70026B5BF /* XCTest.framework in Frameworks */,
				F15D7526197ABFF70026B5BF /* UIKit.framework in Frameworks */,
				F15D7525197ABFF70026B5BF /* Foundation.framework in Frameworks */,
			);
			runOnlyForDeploymentPostprocessing = 0;
		};
/* End PBXFrameworksBuildPhase section */

/* Begin PBXGroup section */
		F15D74F8197ABFF70026B5BF = {
			isa = PBXGroup;
			children = (
				F15D750A197ABFF70026B5BF /* CropperViewDemo */,
				F15D7529197ABFF70026B5BF /* CropperViewDemoTests */,
				F15D7503197ABFF70026B5BF /* Frameworks */,
				F15D7502197ABFF70026B5BF /* Products */,
			);
			sourceTree = "<group>";
		};
		F15D7502197ABFF70026B5BF /* Products */ = {
			isa = PBXGroup;
			children = (
				F15D7501197ABFF70026B5BF /* CropperViewDemo.app */,
				F15D7522197ABFF70026B5BF /* CropperViewDemoTests.xctest */,
			);
			name = Products;
			sourceTree = "<group>";
		};
		F15D7503197ABFF70026B5BF /* Frameworks */ = {
			isa = PBXGroup;
			children = (
				F15D7504197ABFF70026B5BF /* Foundation.framework */,
				F15D7506197ABFF70026B5BF /* CoreGraphics.framework */,
				F15D7508197ABFF70026B5BF /* UIKit.framework */,
				F15D7523197ABFF70026B5BF /* XCTest.framework */,
			);
			name = Frameworks;
			sourceTree = "<group>";
		};
		F15D750A197ABFF70026B5BF /* CropperViewDemo */ = {
			isa = PBXGroup;
			children = (
				F15D7539197AC0220026B5BF /* CropperView */,
				F15D7513197ABFF70026B5BF /* AppDelegate.h */,
				F15D7514197ABFF70026B5BF /* AppDelegate.m */,
				F15D7516197ABFF70026B5BF /* Main.storyboard */,
				F15D7519197ABFF70026B5BF /* ViewController.h */,
				F15D751A197ABFF70026B5BF /* ViewController.m */,
				F15D7545197AC2170026B5BF /* background@2x.png */,
				F15D751C197ABFF70026B5BF /* Images.xcassets */,
				F15D750B197ABFF70026B5BF /* Supporting Files */,
			);
			path = CropperViewDemo;
			sourceTree = "<group>";
		};
		F15D750B197ABFF70026B5BF /* Supporting Files */ = {
			isa = PBXGroup;
			children = (
				F15D750C197ABFF70026B5BF /* CropperViewDemo-Info.plist */,
				F15D750D197ABFF70026B5BF /* InfoPlist.strings */,
				F15D7510197ABFF70026B5BF /* main.m */,
				F15D7512197ABFF70026B5BF /* CropperViewDemo-Prefix.pch */,
			);
			name = "Supporting Files";
			sourceTree = "<group>";
		};
		F15D7529197ABFF70026B5BF /* CropperViewDemoTests */ = {
			isa = PBXGroup;
			children = (
				F15D752F197ABFF70026B5BF /* CropperViewDemoTests.m */,
				F15D752A197ABFF70026B5BF /* Supporting Files */,
			);
			path = CropperViewDemoTests;
			sourceTree = "<group>";
		};
		F15D752A197ABFF70026B5BF /* Supporting Files */ = {
			isa = PBXGroup;
			children = (
				F15D752B197ABFF70026B5BF /* CropperViewDemoTests-Info.plist */,
				F15D752C197ABFF70026B5BF /* InfoPlist.strings */,
			);
			name = "Supporting Files";
			sourceTree = "<group>";
		};
		F15D7539197AC0220026B5BF /* CropperView */ = {
			isa = PBXGroup;
			children = (
				F15D7548197AC4E60026B5BF /* ICropper.h */,
				F15D754A197AD4DB0026B5BF /* ICropperCorner.h */,
				F15D753A197AC0220026B5BF /* CropperCornerManager.h */,
				F15D753B197AC0220026B5BF /* CropperCornerManager.m */,
				F15D753C197AC0220026B5BF /* CropperCornerView.h */,
				F15D753D197AC0220026B5BF /* CropperCornerView.m */,
				F15D753E197AC0220026B5BF /* CropperCornerView.png */,
				F15D753F197AC0220026B5BF /* CropperView.h */,
				F15D7540197AC0220026B5BF /* CropperView.m */,
			);
			name = CropperView;
			path = ../CropperView;
			sourceTree = "<group>";
		};
/* End PBXGroup section */

/* Begin PBXNativeTarget section */
		F15D7500197ABFF70026B5BF /* CropperViewDemo */ = {
			isa = PBXNativeTarget;
			buildConfigurationList = F15D7533197ABFF70026B5BF /* Build configuration list for PBXNativeTarget "CropperViewDemo" */;
			buildPhases = (
				F15D74FD197ABFF70026B5BF /* Sources */,
				F15D74FE197ABFF70026B5BF /* Frameworks */,
				F15D74FF197ABFF70026B5BF /* Resources */,
			);
			buildRules = (
			);
			dependencies = (
			);
			name = CropperViewDemo;
			productName = CropperViewDemo;
			productReference = F15D7501197ABFF70026B5BF /* CropperViewDemo.app */;
			productType = "com.apple.product-type.application";
		};
		F15D7521197ABFF70026B5BF /* CropperViewDemoTests */ = {
			isa = PBXNativeTarget;
			buildConfigurationList = F15D7536197ABFF70026B5BF /* Build configuration list for PBXNativeTarget "CropperViewDemoTests" */;
			buildPhases = (
				F15D751E197ABFF70026B5BF /* Sources */,
				F15D751F197ABFF70026B5BF /* Frameworks */,
				F15D7520197ABFF70026B5BF /* Resources */,
			);
			buildRules = (
			);
			dependencies = (
				F15D7528197ABFF70026B5BF /* PBXTargetDependency */,
			);
			name = CropperViewDemoTests;
			productName = CropperViewDemoTests;
			productReference = F15D7522197ABFF70026B5BF /* CropperViewDemoTests.xctest */;
			productType = "com.apple.product-type.bundle.unit-test";
		};
/* End PBXNativeTarget section */

/* Begin PBXProject section */
		F15D74F9197ABFF70026B5BF /* Project object */ = {
			isa = PBXProject;
			attributes = {
				LastUpgradeCheck = 0510;
				ORGANIZATIONNAME = "JoongKwan Choi";
				TargetAttributes = {
					F15D7521197ABFF70026B5BF = {
						TestTargetID = F15D7500197ABFF70026B5BF;
					};
				};
			};
			buildConfigurationList = F15D74FC197ABFF70026B5BF /* Build configuration list for PBXProject "CropperViewDemo" */;
			compatibilityVersion = "Xcode 3.2";
			developmentRegion = English;
			hasScannedForEncodings = 0;
			knownRegions = (
				en,
				Base,
			);
			mainGroup = F15D74F8197ABFF70026B5BF;
			productRefGroup = F15D7502197ABFF70026B5BF /* Products */;
			projectDirPath = "";
			projectRoot = "";
			targets = (
				F15D7500197ABFF70026B5BF /* CropperViewDemo */,
				F15D7521197ABFF70026B5BF /* CropperViewDemoTests */,
			);
		};
/* End PBXProject section */

/* Begin PBXResourcesBuildPhase section */
		F15D74FF197ABFF70026B5BF /* Resources */ = {
			isa = PBXResourcesBuildPhase;
			buildActionMask = 2147483647;
			files = (
				F15D751D197ABFF70026B5BF /* Images.xcassets in Resources */,
				F15D750F197ABFF70026B5BF /* InfoPlist.strings in Resources */,
				F15D7518197ABFF70026B5BF /* Main.storyboard in Resources */,
				F15D7546197AC2170026B5BF /* background@2x.png in Resources */,
				F15D7543197AC0220026B5BF /* CropperCornerView.png in Resources */,
			);
			runOnlyForDeploymentPostprocessing = 0;
		};
		F15D7520197ABFF70026B5BF /* Resources */ = {
			isa = PBXResourcesBuildPhase;
			buildActionMask = 2147483647;
			files = (
				F15D7547197AC2170026B5BF /* background@2x.png in Resources */,
				F15D752E197ABFF70026B5BF /* InfoPlist.strings in Resources */,
			);
			runOnlyForDeploymentPostprocessing = 0;
		};
/* End PBXResourcesBuildPhase section */

/* Begin PBXSourcesBuildPhase section */
		F15D74FD197ABFF70026B5BF /* Sources */ = {
			isa = PBXSourcesBuildPhase;
			buildActionMask = 2147483647;
			files = (
				F15D7542197AC0220026B5BF /* CropperCornerView.m in Sources */,
				F15D7541197AC0220026B5BF /* CropperCornerManager.m in Sources */,
				F15D751B197ABFF70026B5BF /* ViewController.m in Sources */,
				F15D7515197ABFF70026B5BF /* AppDelegate.m in Sources */,
				F15D7544197AC0220026B5BF /* CropperView.m in Sources */,
				F15D7511197ABFF70026B5BF /* main.m in Sources */,
			);
			runOnlyForDeploymentPostprocessing = 0;
		};
		F15D751E197ABFF70026B5BF /* Sources */ = {
			isa = PBXSourcesBuildPhase;
			buildActionMask = 2147483647;
			files = (
				F15D7530197ABFF70026B5BF /* CropperViewDemoTests.m in Sources */,
			);
			runOnlyForDeploymentPostprocessing = 0;
		};
/* End PBXSourcesBuildPhase section */

/* Begin PBXTargetDependency section */
		F15D7528197ABFF70026B5BF /* PBXTargetDependency */ = {
			isa = PBXTargetDependency;
			target = F15D7500197ABFF70026B5BF /* CropperViewDemo */;
			targetProxy = F15D7527197ABFF70026B5BF /* PBXContainerItemProxy */;
		};
/* End PBXTargetDependency section */

/* Begin PBXVariantGroup section */
		F15D750D197ABFF70026B5BF /* InfoPlist.strings */ = {
			isa = PBXVariantGroup;
			children = (
				F15D750E197ABFF70026B5BF /* en */,
			);
			name = InfoPlist.strings;
			sourceTree = "<group>";
		};
		F15D7516197ABFF70026B5BF /* Main.storyboard */ = {
			isa = PBXVariantGroup;
			children = (
				F15D7517197ABFF70026B5BF /* Base */,
			);
			name = Main.storyboard;
			sourceTree = "<group>";
		};
		F15D752C197ABFF70026B5BF /* InfoPlist.strings */ = {
			isa = PBXVariantGroup;
			children = (
				F15D752D197ABFF70026B5BF /* en */,
			);
			name = InfoPlist.strings;
			sourceTree = "<group>";
		};
/* End PBXVariantGroup section */

/* Begin XCBuildConfiguration section */
		F15D7531197ABFF70026B5BF /* Debug */ = {
			isa = XCBuildConfiguration;
			buildSettings = {
				ALWAYS_SEARCH_USER_PATHS = NO;
				CLANG_CXX_LANGUAGE_STANDARD = "gnu++0x";
				CLANG_CXX_LIBRARY = "libc++";
				CLANG_ENABLE_MODULES = YES;
				CLANG_ENABLE_OBJC_ARC = YES;
				CLANG_WARN_BOOL_CONVERSION = YES;
				CLANG_WARN_CONSTANT_CONVERSION = YES;
				CLANG_WARN_DIRECT_OBJC_ISA_USAGE = YES_ERROR;
				CLANG_WARN_EMPTY_BODY = YES;
				CLANG_WARN_ENUM_CONVERSION = YES;
				CLANG_WARN_INT_CONVERSION = YES;
				CLANG_WARN_OBJC_ROOT_CLASS = YES_ERROR;
				CLANG_WARN__DUPLICATE_METHOD_MATCH = YES;
				"CODE_SIGN_IDENTITY[sdk=iphoneos*]" = "iPhone Developer";
				COPY_PHASE_STRIP = NO;
				GCC_C_LANGUAGE_STANDARD = gnu99;
				GCC_DYNAMIC_NO_PIC = NO;
				GCC_OPTIMIZATION_LEVEL = 0;
				GCC_PREPROCESSOR_DEFINITIONS = (
					"DEBUG=1",
					"$(inherited)",
				);
				GCC_SYMBOLS_PRIVATE_EXTERN = NO;
				GCC_WARN_64_TO_32_BIT_CONVERSION = YES;
				GCC_WARN_ABOUT_RETURN_TYPE = YES_ERROR;
				GCC_WARN_UNDECLARED_SELECTOR = YES;
				GCC_WARN_UNINITIALIZED_AUTOS = YES_AGGRESSIVE;
				GCC_WARN_UNUSED_FUNCTION = YES;
				GCC_WARN_UNUSED_VARIABLE = YES;
				IPHONEOS_DEPLOYMENT_TARGET = 7.1;
				ONLY_ACTIVE_ARCH = YES;
				SDKROOT = iphoneos;
			};
			name = Debug;
		};
		F15D7532197ABFF70026B5BF /* Release */ = {
			isa = XCBuildConfiguration;
			buildSettings = {
				ALWAYS_SEARCH_USER_PATHS = NO;
				CLANG_CXX_LANGUAGE_STANDARD = "gnu++0x";
				CLANG_CXX_LIBRARY = "libc++";
				CLANG_ENABLE_MODULES = YES;
				CLANG_ENABLE_OBJC_ARC = YES;
				CLANG_WARN_BOOL_CONVERSION = YES;
				CLANG_WARN_CONSTANT_CONVERSION = YES;
				CLANG_WARN_DIRECT_OBJC_ISA_USAGE = YES_ERROR;
				CLANG_WARN_EMPTY_BODY = YES;
				CLANG_WARN_ENUM_CONVERSION = YES;
				CLANG_WARN_INT_CONVERSION = YES;
				CLANG_WARN_OBJC_ROOT_CLASS = YES_ERROR;
				CLANG_WARN__DUPLICATE_METHOD_MATCH = YES;
				"CODE_SIGN_IDENTITY[sdk=iphoneos*]" = "iPhone Developer";
				COPY_PHASE_STRIP = YES;
				ENABLE_NS_ASSERTIONS = NO;
				GCC_C_LANGUAGE_STANDARD = gnu99;
				GCC_WARN_64_TO_32_BIT_CONVERSION = YES;
				GCC_WARN_ABOUT_RETURN_TYPE = YES_ERROR;
				GCC_WARN_UNDECLARED_SELECTOR = YES;
				GCC_WARN_UNINITIALIZED_AUTOS = YES_AGGRESSIVE;
				GCC_WARN_UNUSED_FUNCTION = YES;
				GCC_WARN_UNUSED_VARIABLE = YES;
				IPHONEOS_DEPLOYMENT_TARGET = 7.1;
				SDKROOT = iphoneos;
				VALIDATE_PRODUCT = YES;
			};
			name = Release;
		};
		F15D7534197ABFF70026B5BF /* Debug */ = {
			isa = XCBuildConfiguration;
			buildSettings = {
				ASSETCATALOG_COMPILER_APPICON_NAME = AppIcon;
				ASSETCATALOG_COMPILER_LAUNCHIMAGE_NAME = LaunchImage;
				GCC_PRECOMPILE_PREFIX_HEADER = YES;
				GCC_PREFIX_HEADER = "CropperViewDemo/CropperViewDemo-Prefix.pch";
				INFOPLIST_FILE = "CropperViewDemo/CropperViewDemo-Info.plist";
				PRODUCT_NAME = "$(TARGET_NAME)";
				WRAPPER_EXTENSION = app;
			};
			name = Debug;
		};
		F15D7535197ABFF70026B5BF /* Release */ = {
			isa = XCBuildConfiguration;
			buildSettings = {
				ASSETCATALOG_COMPILER_APPICON_NAME = AppIcon;
				ASSETCATALOG_COMPILER_LAUNCHIMAGE_NAME = LaunchImage;
				GCC_PRECOMPILE_PREFIX_HEADER = YES;
				GCC_PREFIX_HEADER = "CropperViewDemo/CropperViewDemo-Prefix.pch";
				INFOPLIST_FILE = "CropperViewDemo/CropperViewDemo-Info.plist";
				PRODUCT_NAME = "$(TARGET_NAME)";
				WRAPPER_EXTENSION = app;
			};
			name = Release;
		};
		F15D7537197ABFF70026B5BF /* Debug */ = {
			isa = XCBuildConfiguration;
			buildSettings = {
				BUNDLE_LOADER = "$(BUILT_PRODUCTS_DIR)/CropperViewDemo.app/CropperViewDemo";
				FRAMEWORK_SEARCH_PATHS = (
					"$(SDKROOT)/Developer/Library/Frameworks",
					"$(inherited)",
					"$(DEVELOPER_FRAMEWORKS_DIR)",
				);
				GCC_PRECOMPILE_PREFIX_HEADER = YES;
				GCC_PREFIX_HEADER = "CropperViewDemo/CropperViewDemo-Prefix.pch";
				GCC_PREPROCESSOR_DEFINITIONS = (
					"DEBUG=1",
					"$(inherited)",
				);
				INFOPLIST_FILE = "CropperViewDemoTests/CropperViewDemoTests-Info.plist";
				PRODUCT_NAME = "$(TARGET_NAME)";
				TEST_HOST = "$(BUNDLE_LOADER)";
				WRAPPER_EXTENSION = xctest;
			};
			name = Debug;
		};
		F15D7538197ABFF70026B5BF /* Release */ = {
			isa = XCBuildConfiguration;
			buildSettings = {
				BUNDLE_LOADER = "$(BUILT_PRODUCTS_DIR)/CropperViewDemo.app/CropperViewDemo";
				FRAMEWORK_SEARCH_PATHS = (
					"$(SDKROOT)/Developer/Library/Frameworks",
					"$(inherited)",
					"$(DEVELOPER_FRAMEWORKS_DIR)",
				);
				GCC_PRECOMPILE_PREFIX_HEADER = YES;
				GCC_PREFIX_HEADER = "CropperViewDemo/CropperViewDemo-Prefix.pch";
				INFOPLIST_FILE = "CropperViewDemoTests/CropperViewDemoTests-Info.plist";
				PRODUCT_NAME = "$(TARGET_NAME)";
				TEST_HOST = "$(BUNDLE_LOADER)";
				WRAPPER_EXTENSION = xctest;
			};
			name = Release;
		};
/* End XCBuildConfiguration section */

/* Begin XCConfigurationList section */
		F15D74FC197ABFF70026B5BF /* Build configuration list for PBXProject "CropperViewDemo" */ = {
			isa = XCConfigurationList;
			buildConfigurations = (
				F15D7531197ABFF70026B5BF /* Debug */,
				F15D7532197ABFF70026B5BF /* Release */,
			);
			defaultConfigurationIsVisible = 0;
			defaultConfigurationName = Release;
		};
		F15D7533197ABFF70026B5BF /* Build configuration list for PBXNativeTarget "CropperViewDemo" */ = {
			isa = XCConfigurationList;
			buildConfigurations = (
				F15D7534197ABFF70026B5BF /* Debug */,
				F15D7535197ABFF70026B5BF /* Release */,
			);
			defaultConfigurationIsVisible = 0;
		};
		F15D7536197ABFF70026B5BF /* Build configuration list for PBXNativeTarget "CropperViewDemoTests" */ = {
			isa = XCConfigurationList;
			buildConfigurations = (
				F15D7537197ABFF70026B5BF /* Debug */,
				F15D7538197ABFF70026B5BF /* Release */,
			);
			defaultConfigurationIsVisible = 0;
		};
/* End XCConfigurationList section */
	};
	rootObject = F15D74F9197ABFF70026B5BF /* Project object */;
}
